
Microsoft Visual Studio Solution File, Format Version 12.00
# Visual Studio Version 17
VisualStudioVersion = 17.7.34031.279
MinimumVisualStudioVersion = 10.0.40219.1
Project("{FAE04EC0-301F-11D3-BF4B-00C04F79EFBC}") = "lab1v6", "lab1v6.csproj", "{07606E92-5C80-4472-BD26-9A2A9695DAF9}"
EndProject
Project("{FAE04EC0-301F-11D3-BF4B-00C04F79EFBC}") = "1labTests", "..\1labTests\1labTests.csproj", "{AA182030-7721-47A2-AC97-0320A8F61D53}"
EndProject
Global
	GlobalSection(SolutionConfigurationPlatforms) = preSolution
		Debug|Any CPU = Debug|Any CPU
		Release|Any CPU = Release|Any CPU
	EndGlobalSection
	GlobalSection(ProjectConfigurationPlatforms) = postSolution
		{07606E92-5C80-4472-BD26-9A2A9695DAF9}.Debug|Any CPU.ActiveCfg = Debug|Any CPU
		{07606E92-5C80-4472-BD26-9A2A9695DAF9}.Debug|Any CPU.Build.0 = Debug|Any CPU
		{07606E92-5C80-4472-BD26-9A2A9695DAF9}.Release|Any CPU.ActiveCfg = Release|Any CPU
		{07606E92-5C80-4472-BD26-9A2A9695DAF9}.Release|Any CPU.Build.0 = Release|Any CPU
		{AA182030-7721-47A2-AC97-0320A8F61D53}.Debug|Any CPU.ActiveCfg = Debug|Any CPU
		{AA182030-7721-47A2-AC97-0320A8F61D53}.Debug|Any CPU.Build.0 = Debug|Any CPU
		{AA182030-7721-47A2-AC97-0320A8F61D53}.Release|Any CPU.ActiveCfg = Release|Any CPU
		{AA182030-7721-47A2-AC97-0320A8F61D53}.Release|Any CPU.Build.0 = Release|Any CPU
	EndGlobalSection
	GlobalSection(SolutionProperties) = preSolution
		HideSolutionNode = FALSE
	EndGlobalSection
	GlobalSection(ExtensibilityGlobals) = postSolution
		SolutionGuid = {F1243848-F86A-46E3-9FFC-37FCB2E2B093}
	EndGlobalSection
EndGlobal
